
Microsoft Visual Studio Solution File, Format Version 12.00
# Visual Studio 15
VisualStudioVersion = 15.0.27703.2000
MinimumVisualStudioVersion = 10.0.40219.1
Project("{FAE04EC0-301F-11D3-BF4B-00C04F79EFBC}") = "G1ANT.Addon.IExplorer", "G1ANT.Addon.IExplorer\G1ANT.Addon.IExplorer.csproj", "{CEA69D5A-91C9-43D9-8928-F41D69E85BAF}"
EndProject
Project("{FAE04EC0-301F-11D3-BF4B-00C04F79EFBC}") = "G1ANT.Addon.IExplorer.Tests", "G1ANT.Addon.IExplorer.Tests\G1ANT.Addon.IExplorer.Tests.csproj", "{FF7591D8-EAE0-4F74-90B0-ECBBD972CB41}"
EndProject
Project("{FAE04EC0-301F-11D3-BF4B-00C04F79EFBC}") = "Watin.Core", "Watin.Core\Watin.Core.csproj", "{217E2D34-F6DF-431B-AC5A-B368F481A530}"
EndProject
Project("{2150E333-8FDC-42A3-9474-1A3956D46DE8}") = "ExternalDlls", "ExternalDlls", "{75B8C68C-0B56-4281-B75D-9E4C6E1CC385}"
	ProjectSection(SolutionItems) = preProject
		..\G1ANT.Addon\G1ANT.Addon.IExplorer\ExternalDlls\Microsoft.mshtml.dll = ..\G1ANT.Addon\G1ANT.Addon.IExplorer\ExternalDlls\Microsoft.mshtml.dll
	EndProjectSection
EndProject
Global
	GlobalSection(SolutionConfigurationPlatforms) = preSolution
		Debug|Any CPU = Debug|Any CPU
		Release|Any CPU = Release|Any CPU
	EndGlobalSection
	GlobalSection(ProjectConfigurationPlatforms) = postSolution
		{CEA69D5A-91C9-43D9-8928-F41D69E85BAF}.Debug|Any CPU.ActiveCfg = Debug|Any CPU
		{CEA69D5A-91C9-43D9-8928-F41D69E85BAF}.Debug|Any CPU.Build.0 = Debug|Any CPU
		{CEA69D5A-91C9-43D9-8928-F41D69E85BAF}.Release|Any CPU.ActiveCfg = Release|Any CPU
		{CEA69D5A-91C9-43D9-8928-F41D69E85BAF}.Release|Any CPU.Build.0 = Release|Any CPU
		{FF7591D8-EAE0-4F74-90B0-ECBBD972CB41}.Debug|Any CPU.ActiveCfg = Debug|Any CPU
		{FF7591D8-EAE0-4F74-90B0-ECBBD972CB41}.Debug|Any CPU.Build.0 = Debug|Any CPU
		{FF7591D8-EAE0-4F74-90B0-ECBBD972CB41}.Release|Any CPU.ActiveCfg = Release|Any CPU
		{FF7591D8-EAE0-4F74-90B0-ECBBD972CB41}.Release|Any CPU.Build.0 = Release|Any CPU
		{217E2D34-F6DF-431B-AC5A-B368F481A530}.Debug|Any CPU.ActiveCfg = AutomatedDebug|Any CPU
		{217E2D34-F6DF-431B-AC5A-B368F481A530}.Debug|Any CPU.Build.0 = AutomatedDebug|Any CPU
		{217E2D34-F6DF-431B-AC5A-B368F481A530}.Release|Any CPU.ActiveCfg = Release (.Net 4.0)|Any CPU
		{217E2D34-F6DF-431B-AC5A-B368F481A530}.Release|Any CPU.Build.0 = Release (.Net 4.0)|Any CPU
	EndGlobalSection
	GlobalSection(SolutionProperties) = preSolution
		HideSolutionNode = FALSE
	EndGlobalSection
	GlobalSection(ExtensibilityGlobals) = postSolution
		SolutionGuid = {D24E3D9F-C0A8-485A-BB1F-471F3BA682EB}
	EndGlobalSection
EndGlobal
